
Microsoft Visual Studio Solution File, Format Version 12.00
# Visual Studio 15
VisualStudioVersion = 15.0.27130.2010
MinimumVisualStudioVersion = 10.0.40219.1
Project("{FAE04EC0-301F-11D3-BF4B-00C04F79EFBC}") = "AutoZip", "AutoZip\AutoZip.csproj", "{5AD5F4E7-1A55-40EA-9CDE-E6052591A762}"
EndProject
Project("{FAE04EC0-301F-11D3-BF4B-00C04F79EFBC}") = "SYS", "ThreadSync\SYS.csproj", "{C624DEFC-4780-4435-AE11-C630A26C83AC}"
EndProject
Project("{FAE04EC0-301F-11D3-BF4B-00C04F79EFBC}") = "HelloWorld", "HelloWorld\HelloWorld.csproj", "{DF475759-2C65-48AC-8B94-712A3525042F}"
EndProject
Project("{FAE04EC0-301F-11D3-BF4B-00C04F79EFBC}") = "FolderWatcher", "FolderWatcher\FolderWatcher.csproj", "{DDD606CB-1544-4CDC-BF20-6C3F41484C81}"
EndProject
Project("{FAE04EC0-301F-11D3-BF4B-00C04F79EFBC}") = "CreateChm", "CreateChm\CreateChm.csproj", "{471A36F8-B171-4B58-BC85-03A4ED16D892}"
EndProject
Project("{FAE04EC0-301F-11D3-BF4B-00C04F79EFBC}") = "FileAssociation", "FileAssociation\FileAssociation.csproj", "{1BEF226C-40C7-48EC-9B53-8CDFDFDC5C7E}"
EndProject
Project("{FAE04EC0-301F-11D3-BF4B-00C04F79EFBC}") = "InvokerHelperDemo", "InvokerHelperDemo\InvokerHelperDemo.csproj", "{FFAD6D93-FE53-47B1-8403-C444F8AE6B99}"
EndProject
Project("{2150E333-8FDC-42A3-9474-1A3956D46DE8}") = "WCF", "WCF", "{3C41A710-BE9A-4F11-963D-5F2777165DC3}"
EndProject
Project("{FAE04EC0-301F-11D3-BF4B-00C04F79EFBC}") = "Icl", "WCF\Icl\Icl.csproj", "{61935997-BDD2-4F59-A73F-B17D4F90457D}"
EndProject
Project("{FAE04EC0-301F-11D3-BF4B-00C04F79EFBC}") = "ICL_Achieve", "WCF\IclLibrary\ICL_Achieve.csproj", "{8F0B57E7-40DA-4DB6-A106-19171230D8F8}"
EndProject
Project("{FAE04EC0-301F-11D3-BF4B-00C04F79EFBC}") = "WcfService1", "WCF\WcfService1\WcfService1.csproj", "{0072EA72-7E63-48BC-88D2-5680930D9697}"
EndProject
Project("{FAE04EC0-301F-11D3-BF4B-00C04F79EFBC}") = "WcfServiceHost", "WCF\WcfServiceHost\WcfServiceHost.csproj", "{ADF4967E-FE86-47E6-B55E-1D086A6E3B0C}"
EndProject
Project("{2150E333-8FDC-42A3-9474-1A3956D46DE8}") = "ZeroMQ", "ZeroMQ", "{DDCF04EF-9127-490C-942D-28EFE2B0F13E}"
EndProject
Project("{FAE04EC0-301F-11D3-BF4B-00C04F79EFBC}") = "MQTest", "ZeroMQ\MQTest\MQTest.csproj", "{4F67E6F3-56CE-4F52-B14D-EF3B7E124D7E}"
EndProject
Project("{FAE04EC0-301F-11D3-BF4B-00C04F79EFBC}") = "TestWCF_Client", "WCF\TestWCF\TestWCF_Client.csproj", "{80DD7069-FB86-4694-A624-ED69D32123D5}"
EndProject
Project("{2150E333-8FDC-42A3-9474-1A3956D46DE8}") = "CPlus", "CPlus", "{AA273B4F-69F7-4FE7-A068-40B6D2665F8B}"
EndProject
Project("{8BC9CEB8-8B4A-11D0-8D11-00A0C91BC942}") = "HelloWorld", "CPlus\HelloWorld\HelloWorld.vcxproj", "{8B33AFB6-0AC5-4F64-9479-5D3BE5A9D317}"
EndProject
Project("{2150E333-8FDC-42A3-9474-1A3956D46DE8}") = "InjectDemo", "InjectDemo", "{6B9C0587-3E90-4270-B47A-0BFA43666696}"
EndProject
Project("{8BC9CEB8-8B4A-11D0-8D11-00A0C91BC942}") = "InjectDemo", "InjectDemo\InjectDemo\InjectDemo.vcxproj", "{78332936-90C5-4509-A94B-97E4F1625DA3}"
EndProject
Project("{8BC9CEB8-8B4A-11D0-8D11-00A0C91BC942}") = "NativeDll", "InjectDemo\NativeDll\NativeDll.vcxproj", "{A2705FDD-EE42-499B-80E3-B8ED7B95E046}"
EndProject
Project("{2150E333-8FDC-42A3-9474-1A3956D46DE8}") = "CMake", "CMake", "{A9FBB511-BAF2-4497-A6BE-D89E5A5972B4}"
	ProjectSection(SolutionItems) = preProject
		CPlus\CMake\helloworld.c = CPlus\CMake\helloworld.c
	EndProjectSection
EndProject
Global
	GlobalSection(SolutionConfigurationPlatforms) = preSolution
		Debug|Any CPU = Debug|Any CPU
		Debug|ARM = Debug|ARM
		Debug|x64 = Debug|x64
		Debug|x86 = Debug|x86
		Release|Any CPU = Release|Any CPU
		Release|ARM = Release|ARM
		Release|x64 = Release|x64
		Release|x86 = Release|x86
	EndGlobalSection
	GlobalSection(ProjectConfigurationPlatforms) = postSolution
		{5AD5F4E7-1A55-40EA-9CDE-E6052591A762}.Debug|Any CPU.ActiveCfg = Debug|Any CPU
		{5AD5F4E7-1A55-40EA-9CDE-E6052591A762}.Debug|Any CPU.Build.0 = Debug|Any CPU
		{5AD5F4E7-1A55-40EA-9CDE-E6052591A762}.Debug|ARM.ActiveCfg = Debug|Any CPU
		{5AD5F4E7-1A55-40EA-9CDE-E6052591A762}.Debug|ARM.Build.0 = Debug|Any CPU
		{5AD5F4E7-1A55-40EA-9CDE-E6052591A762}.Debug|x64.ActiveCfg = Debug|Any CPU
		{5AD5F4E7-1A55-40EA-9CDE-E6052591A762}.Debug|x64.Build.0 = Debug|Any CPU
		{5AD5F4E7-1A55-40EA-9CDE-E6052591A762}.Debug|x86.ActiveCfg = Debug|Any CPU
		{5AD5F4E7-1A55-40EA-9CDE-E6052591A762}.Debug|x86.Build.0 = Debug|Any CPU
		{5AD5F4E7-1A55-40EA-9CDE-E6052591A762}.Release|Any CPU.ActiveCfg = Release|Any CPU
		{5AD5F4E7-1A55-40EA-9CDE-E6052591A762}.Release|Any CPU.Build.0 = Release|Any CPU
		{5AD5F4E7-1A55-40EA-9CDE-E6052591A762}.Release|ARM.ActiveCfg = Release|Any CPU
		{5AD5F4E7-1A55-40EA-9CDE-E6052591A762}.Release|ARM.Build.0 = Release|Any CPU
		{5AD5F4E7-1A55-40EA-9CDE-E6052591A762}.Release|x64.ActiveCfg = Release|Any CPU
		{5AD5F4E7-1A55-40EA-9CDE-E6052591A762}.Release|x64.Build.0 = Release|Any CPU
		{5AD5F4E7-1A55-40EA-9CDE-E6052591A762}.Release|x86.ActiveCfg = Release|Any CPU
		{5AD5F4E7-1A55-40EA-9CDE-E6052591A762}.Release|x86.Build.0 = Release|Any CPU
		{C624DEFC-4780-4435-AE11-C630A26C83AC}.Debug|Any CPU.ActiveCfg = Debug|Any CPU
		{C624DEFC-4780-4435-AE11-C630A26C83AC}.Debug|Any CPU.Build.0 = Debug|Any CPU
		{C624DEFC-4780-4435-AE11-C630A26C83AC}.Debug|ARM.ActiveCfg = Debug|Any CPU
		{C624DEFC-4780-4435-AE11-C630A26C83AC}.Debug|ARM.Build.0 = Debug|Any CPU
		{C624DEFC-4780-4435-AE11-C630A26C83AC}.Debug|x64.ActiveCfg = Debug|Any CPU
		{C624DEFC-4780-4435-AE11-C630A26C83AC}.Debug|x64.Build.0 = Debug|Any CPU
		{C624DEFC-4780-4435-AE11-C630A26C83AC}.Debug|x86.ActiveCfg = Debug|Any CPU
		{C624DEFC-4780-4435-AE11-C630A26C83AC}.Debug|x86.Build.0 = Debug|Any CPU
		{C624DEFC-4780-4435-AE11-C630A26C83AC}.Release|Any CPU.ActiveCfg = Release|Any CPU
		{C624DEFC-4780-4435-AE11-C630A26C83AC}.Release|Any CPU.Build.0 = Release|Any CPU
		{C624DEFC-4780-4435-AE11-C630A26C83AC}.Release|ARM.ActiveCfg = Release|Any CPU
		{C624DEFC-4780-4435-AE11-C630A26C83AC}.Release|ARM.Build.0 = Release|Any CPU
		{C624DEFC-4780-4435-AE11-C630A26C83AC}.Release|x64.ActiveCfg = Release|Any CPU
		{C624DEFC-4780-4435-AE11-C630A26C83AC}.Release|x64.Build.0 = Release|Any CPU
		{C624DEFC-4780-4435-AE11-C630A26C83AC}.Release|x86.ActiveCfg = Release|Any CPU
		{C624DEFC-4780-4435-AE11-C630A26C83AC}.Release|x86.Build.0 = Release|Any CPU
		{DF475759-2C65-48AC-8B94-712A3525042F}.Debug|Any CPU.ActiveCfg = Debug|Any CPU
		{DF475759-2C65-48AC-8B94-712A3525042F}.Debug|Any CPU.Build.0 = Debug|Any CPU
		{DF475759-2C65-48AC-8B94-712A3525042F}.Debug|ARM.ActiveCfg = Debug|Any CPU
		{DF475759-2C65-48AC-8B94-712A3525042F}.Debug|ARM.Build.0 = Debug|Any CPU
		{DF475759-2C65-48AC-8B94-712A3525042F}.Debug|x64.ActiveCfg = Debug|Any CPU
		{DF475759-2C65-48AC-8B94-712A3525042F}.Debug|x64.Build.0 = Debug|Any CPU
		{DF475759-2C65-48AC-8B94-712A3525042F}.Debug|x86.ActiveCfg = Debug|Any CPU
		{DF475759-2C65-48AC-8B94-712A3525042F}.Debug|x86.Build.0 = Debug|Any CPU
		{DF475759-2C65-48AC-8B94-712A3525042F}.Release|Any CPU.ActiveCfg = Release|Any CPU
		{DF475759-2C65-48AC-8B94-712A3525042F}.Release|Any CPU.Build.0 = Release|Any CPU
		{DF475759-2C65-48AC-8B94-712A3525042F}.Release|ARM.ActiveCfg = Release|Any CPU
		{DF475759-2C65-48AC-8B94-712A3525042F}.Release|ARM.Build.0 = Release|Any CPU
		{DF475759-2C65-48AC-8B94-712A3525042F}.Release|x64.ActiveCfg = Release|Any CPU
		{DF475759-2C65-48AC-8B94-712A3525042F}.Release|x64.Build.0 = Release|Any CPU
		{DF475759-2C65-48AC-8B94-712A3525042F}.Release|x86.ActiveCfg = Release|Any CPU
		{DF475759-2C65-48AC-8B94-712A3525042F}.Release|x86.Build.0 = Release|Any CPU
		{DDD606CB-1544-4CDC-BF20-6C3F41484C81}.Debug|Any CPU.ActiveCfg = Debug|Any CPU
		{DDD606CB-1544-4CDC-BF20-6C3F41484C81}.Debug|Any CPU.Build.0 = Debug|Any CPU
		{DDD606CB-1544-4CDC-BF20-6C3F41484C81}.Debug|ARM.ActiveCfg = Debug|Any CPU
		{DDD606CB-1544-4CDC-BF20-6C3F41484C81}.Debug|ARM.Build.0 = Debug|Any CPU
		{DDD606CB-1544-4CDC-BF20-6C3F41484C81}.Debug|x64.ActiveCfg = Debug|Any CPU
		{DDD606CB-1544-4CDC-BF20-6C3F41484C81}.Debug|x64.Build.0 = Debug|Any CPU
		{DDD606CB-1544-4CDC-BF20-6C3F41484C81}.Debug|x86.ActiveCfg = Debug|Any CPU
		{DDD606CB-1544-4CDC-BF20-6C3F41484C81}.Debug|x86.Build.0 = Debug|Any CPU
		{DDD606CB-1544-4CDC-BF20-6C3F41484C81}.Release|Any CPU.ActiveCfg = Release|Any CPU
		{DDD606CB-1544-4CDC-BF20-6C3F41484C81}.Release|Any CPU.Build.0 = Release|Any CPU
		{DDD606CB-1544-4CDC-BF20-6C3F41484C81}.Release|ARM.ActiveCfg = Release|Any CPU
		{DDD606CB-1544-4CDC-BF20-6C3F41484C81}.Release|ARM.Build.0 = Release|Any CPU
		{DDD606CB-1544-4CDC-BF20-6C3F41484C81}.Release|x64.ActiveCfg = Release|Any CPU
		{DDD606CB-1544-4CDC-BF20-6C3F41484C81}.Release|x64.Build.0 = Release|Any CPU
		{DDD606CB-1544-4CDC-BF20-6C3F41484C81}.Release|x86.ActiveCfg = Release|Any CPU
		{DDD606CB-1544-4CDC-BF20-6C3F41484C81}.Release|x86.Build.0 = Release|Any CPU
		{471A36F8-B171-4B58-BC85-03A4ED16D892}.Debug|Any CPU.ActiveCfg = Debug|x86
		{471A36F8-B171-4B58-BC85-03A4ED16D892}.Debug|ARM.ActiveCfg = Debug|x86
		{471A36F8-B171-4B58-BC85-03A4ED16D892}.Debug|x64.ActiveCfg = Debug|x86
		{471A36F8-B171-4B58-BC85-03A4ED16D892}.Debug|x86.ActiveCfg = Debug|x86
		{471A36F8-B171-4B58-BC85-03A4ED16D892}.Debug|x86.Build.0 = Debug|x86
		{471A36F8-B171-4B58-BC85-03A4ED16D892}.Release|Any CPU.ActiveCfg = Release|x86
		{471A36F8-B171-4B58-BC85-03A4ED16D892}.Release|ARM.ActiveCfg = Release|x86
		{471A36F8-B171-4B58-BC85-03A4ED16D892}.Release|x64.ActiveCfg = Release|x86
		{471A36F8-B171-4B58-BC85-03A4ED16D892}.Release|x86.ActiveCfg = Release|x86
		{471A36F8-B171-4B58-BC85-03A4ED16D892}.Release|x86.Build.0 = Release|x86
		{1BEF226C-40C7-48EC-9B53-8CDFDFDC5C7E}.Debug|Any CPU.ActiveCfg = Debug|Any CPU
		{1BEF226C-40C7-48EC-9B53-8CDFDFDC5C7E}.Debug|Any CPU.Build.0 = Debug|Any CPU
		{1BEF226C-40C7-48EC-9B53-8CDFDFDC5C7E}.Debug|ARM.ActiveCfg = Debug|Any CPU
		{1BEF226C-40C7-48EC-9B53-8CDFDFDC5C7E}.Debug|ARM.Build.0 = Debug|Any CPU
		{1BEF226C-40C7-48EC-9B53-8CDFDFDC5C7E}.Debug|x64.ActiveCfg = Debug|Any CPU
		{1BEF226C-40C7-48EC-9B53-8CDFDFDC5C7E}.Debug|x64.Build.0 = Debug|Any CPU
		{1BEF226C-40C7-48EC-9B53-8CDFDFDC5C7E}.Debug|x86.ActiveCfg = Debug|Any CPU
		{1BEF226C-40C7-48EC-9B53-8CDFDFDC5C7E}.Debug|x86.Build.0 = Debug|Any CPU
		{1BEF226C-40C7-48EC-9B53-8CDFDFDC5C7E}.Release|Any CPU.ActiveCfg = Release|Any CPU
		{1BEF226C-40C7-48EC-9B53-8CDFDFDC5C7E}.Release|Any CPU.Build.0 = Release|Any CPU
		{1BEF226C-40C7-48EC-9B53-8CDFDFDC5C7E}.Release|ARM.ActiveCfg = Release|Any CPU
		{1BEF226C-40C7-48EC-9B53-8CDFDFDC5C7E}.Release|ARM.Build.0 = Release|Any CPU
		{1BEF226C-40C7-48EC-9B53-8CDFDFDC5C7E}.Release|x64.ActiveCfg = Release|Any CPU
		{1BEF226C-40C7-48EC-9B53-8CDFDFDC5C7E}.Release|x64.Build.0 = Release|Any CPU
		{1BEF226C-40C7-48EC-9B53-8CDFDFDC5C7E}.Release|x86.ActiveCfg = Release|Any CPU
		{1BEF226C-40C7-48EC-9B53-8CDFDFDC5C7E}.Release|x86.Build.0 = Release|Any CPU
		{FFAD6D93-FE53-47B1-8403-C444F8AE6B99}.Debug|Any CPU.ActiveCfg = Debug|Any CPU
		{FFAD6D93-FE53-47B1-8403-C444F8AE6B99}.Debug|Any CPU.Build.0 = Debug|Any CPU
		{FFAD6D93-FE53-47B1-8403-C444F8AE6B99}.Debug|ARM.ActiveCfg = Debug|Any CPU
		{FFAD6D93-FE53-47B1-8403-C444F8AE6B99}.Debug|ARM.Build.0 = Debug|Any CPU
		{FFAD6D93-FE53-47B1-8403-C444F8AE6B99}.Debug|x64.ActiveCfg = Debug|Any CPU
		{FFAD6D93-FE53-47B1-8403-C444F8AE6B99}.Debug|x64.Build.0 = Debug|Any CPU
		{FFAD6D93-FE53-47B1-8403-C444F8AE6B99}.Debug|x86.ActiveCfg = Debug|Any CPU
		{FFAD6D93-FE53-47B1-8403-C444F8AE6B99}.Debug|x86.Build.0 = Debug|Any CPU
		{FFAD6D93-FE53-47B1-8403-C444F8AE6B99}.Release|Any CPU.ActiveCfg = Release|Any CPU
		{FFAD6D93-FE53-47B1-8403-C444F8AE6B99}.Release|Any CPU.Build.0 = Release|Any CPU
		{FFAD6D93-FE53-47B1-8403-C444F8AE6B99}.Release|ARM.ActiveCfg = Release|Any CPU
		{FFAD6D93-FE53-47B1-8403-C444F8AE6B99}.Release|ARM.Build.0 = Release|Any CPU
		{FFAD6D93-FE53-47B1-8403-C444F8AE6B99}.Release|x64.ActiveCfg = Release|Any CPU
		{FFAD6D93-FE53-47B1-8403-C444F8AE6B99}.Release|x64.Build.0 = Release|Any CPU
		{FFAD6D93-FE53-47B1-8403-C444F8AE6B99}.Release|x86.ActiveCfg = Release|Any CPU
		{FFAD6D93-FE53-47B1-8403-C444F8AE6B99}.Release|x86.Build.0 = Release|Any CPU
		{61935997-BDD2-4F59-A73F-B17D4F90457D}.Debug|Any CPU.ActiveCfg = Debug|Any CPU
		{61935997-BDD2-4F59-A73F-B17D4F90457D}.Debug|Any CPU.Build.0 = Debug|Any CPU
		{61935997-BDD2-4F59-A73F-B17D4F90457D}.Debug|ARM.ActiveCfg = Debug|Any CPU
		{61935997-BDD2-4F59-A73F-B17D4F90457D}.Debug|ARM.Build.0 = Debug|Any CPU
		{61935997-BDD2-4F59-A73F-B17D4F90457D}.Debug|x64.ActiveCfg = Debug|Any CPU
		{61935997-BDD2-4F59-A73F-B17D4F90457D}.Debug|x64.Build.0 = Debug|Any CPU
		{61935997-BDD2-4F59-A73F-B17D4F90457D}.Debug|x86.ActiveCfg = Debug|Any CPU
		{61935997-BDD2-4F59-A73F-B17D4F90457D}.Debug|x86.Build.0 = Debug|Any CPU
		{61935997-BDD2-4F59-A73F-B17D4F90457D}.Release|Any CPU.ActiveCfg = Release|Any CPU
		{61935997-BDD2-4F59-A73F-B17D4F90457D}.Release|Any CPU.Build.0 = Release|Any CPU
		{61935997-BDD2-4F59-A73F-B17D4F90457D}.Release|ARM.ActiveCfg = Release|Any CPU
		{61935997-BDD2-4F59-A73F-B17D4F90457D}.Release|ARM.Build.0 = Release|Any CPU
		{61935997-BDD2-4F59-A73F-B17D4F90457D}.Release|x64.ActiveCfg = Release|Any CPU
		{61935997-BDD2-4F59-A73F-B17D4F90457D}.Release|x64.Build.0 = Release|Any CPU
		{61935997-BDD2-4F59-A73F-B17D4F90457D}.Release|x86.ActiveCfg = Release|Any CPU
		{61935997-BDD2-4F59-A73F-B17D4F90457D}.Release|x86.Build.0 = Release|Any CPU
		{8F0B57E7-40DA-4DB6-A106-19171230D8F8}.Debug|Any CPU.ActiveCfg = Debug|Any CPU
		{8F0B57E7-40DA-4DB6-A106-19171230D8F8}.Debug|Any CPU.Build.0 = Debug|Any CPU
		{8F0B57E7-40DA-4DB6-A106-19171230D8F8}.Debug|ARM.ActiveCfg = Debug|Any CPU
		{8F0B57E7-40DA-4DB6-A106-19171230D8F8}.Debug|ARM.Build.0 = Debug|Any CPU
		{8F0B57E7-40DA-4DB6-A106-19171230D8F8}.Debug|x64.ActiveCfg = Debug|Any CPU
		{8F0B57E7-40DA-4DB6-A106-19171230D8F8}.Debug|x64.Build.0 = Debug|Any CPU
		{8F0B57E7-40DA-4DB6-A106-19171230D8F8}.Debug|x86.ActiveCfg = Debug|Any CPU
		{8F0B57E7-40DA-4DB6-A106-19171230D8F8}.Debug|x86.Build.0 = Debug|Any CPU
		{8F0B57E7-40DA-4DB6-A106-19171230D8F8}.Release|Any CPU.ActiveCfg = Release|Any CPU
		{8F0B57E7-40DA-4DB6-A106-19171230D8F8}.Release|Any CPU.Build.0 = Release|Any CPU
		{8F0B57E7-40DA-4DB6-A106-19171230D8F8}.Release|ARM.ActiveCfg = Release|Any CPU
		{8F0B57E7-40DA-4DB6-A106-19171230D8F8}.Release|ARM.Build.0 = Release|Any CPU
		{8F0B57E7-40DA-4DB6-A106-19171230D8F8}.Release|x64.ActiveCfg = Release|Any CPU
		{8F0B57E7-40DA-4DB6-A106-19171230D8F8}.Release|x64.Build.0 = Release|Any CPU
		{8F0B57E7-40DA-4DB6-A106-19171230D8F8}.Release|x86.ActiveCfg = Release|Any CPU
		{8F0B57E7-40DA-4DB6-A106-19171230D8F8}.Release|x86.Build.0 = Release|Any CPU
		{0072EA72-7E63-48BC-88D2-5680930D9697}.Debug|Any CPU.ActiveCfg = Debug|Any CPU
		{0072EA72-7E63-48BC-88D2-5680930D9697}.Debug|Any CPU.Build.0 = Debug|Any CPU
		{0072EA72-7E63-48BC-88D2-5680930D9697}.Debug|ARM.ActiveCfg = Debug|Any CPU
		{0072EA72-7E63-48BC-88D2-5680930D9697}.Debug|ARM.Build.0 = Debug|Any CPU
		{0072EA72-7E63-48BC-88D2-5680930D9697}.Debug|x64.ActiveCfg = Debug|Any CPU
		{0072EA72-7E63-48BC-88D2-5680930D9697}.Debug|x64.Build.0 = Debug|Any CPU
		{0072EA72-7E63-48BC-88D2-5680930D9697}.Debug|x86.ActiveCfg = Debug|Any CPU
		{0072EA72-7E63-48BC-88D2-5680930D9697}.Debug|x86.Build.0 = Debug|Any CPU
		{0072EA72-7E63-48BC-88D2-5680930D9697}.Release|Any CPU.ActiveCfg = Release|Any CPU
		{0072EA72-7E63-48BC-88D2-5680930D9697}.Release|Any CPU.Build.0 = Release|Any CPU
		{0072EA72-7E63-48BC-88D2-5680930D9697}.Release|ARM.ActiveCfg = Release|Any CPU
		{0072EA72-7E63-48BC-88D2-5680930D9697}.Release|ARM.Build.0 = Release|Any CPU
		{0072EA72-7E63-48BC-88D2-5680930D9697}.Release|x64.ActiveCfg = Release|Any CPU
		{0072EA72-7E63-48BC-88D2-5680930D9697}.Release|x64.Build.0 = Release|Any CPU
		{0072EA72-7E63-48BC-88D2-5680930D9697}.Release|x86.ActiveCfg = Release|Any CPU
		{0072EA72-7E63-48BC-88D2-5680930D9697}.Release|x86.Build.0 = Release|Any CPU
		{ADF4967E-FE86-47E6-B55E-1D086A6E3B0C}.Debug|Any CPU.ActiveCfg = Debug|Any CPU
		{ADF4967E-FE86-47E6-B55E-1D086A6E3B0C}.Debug|Any CPU.Build.0 = Debug|Any CPU
		{ADF4967E-FE86-47E6-B55E-1D086A6E3B0C}.Debug|ARM.ActiveCfg = Debug|Any CPU
		{ADF4967E-FE86-47E6-B55E-1D086A6E3B0C}.Debug|ARM.Build.0 = Debug|Any CPU
		{ADF4967E-FE86-47E6-B55E-1D086A6E3B0C}.Debug|x64.ActiveCfg = Debug|Any CPU
		{ADF4967E-FE86-47E6-B55E-1D086A6E3B0C}.Debug|x64.Build.0 = Debug|Any CPU
		{ADF4967E-FE86-47E6-B55E-1D086A6E3B0C}.Debug|x86.ActiveCfg = Debug|Any CPU
		{ADF4967E-FE86-47E6-B55E-1D086A6E3B0C}.Debug|x86.Build.0 = Debug|Any CPU
		{ADF4967E-FE86-47E6-B55E-1D086A6E3B0C}.Release|Any CPU.ActiveCfg = Release|Any CPU
		{ADF4967E-FE86-47E6-B55E-1D086A6E3B0C}.Release|Any CPU.Build.0 = Release|Any CPU
		{ADF4967E-FE86-47E6-B55E-1D086A6E3B0C}.Release|ARM.ActiveCfg = Release|Any CPU
		{ADF4967E-FE86-47E6-B55E-1D086A6E3B0C}.Release|ARM.Build.0 = Release|Any CPU
		{ADF4967E-FE86-47E6-B55E-1D086A6E3B0C}.Release|x64.ActiveCfg = Release|Any CPU
		{ADF4967E-FE86-47E6-B55E-1D086A6E3B0C}.Release|x64.Build.0 = Release|Any CPU
		{ADF4967E-FE86-47E6-B55E-1D086A6E3B0C}.Release|x86.ActiveCfg = Release|Any CPU
		{ADF4967E-FE86-47E6-B55E-1D086A6E3B0C}.Release|x86.Build.0 = Release|Any CPU
		{4F67E6F3-56CE-4F52-B14D-EF3B7E124D7E}.Debug|Any CPU.ActiveCfg = Debug|Any CPU
		{4F67E6F3-56CE-4F52-B14D-EF3B7E124D7E}.Debug|Any CPU.Build.0 = Debug|Any CPU
		{4F67E6F3-56CE-4F52-B14D-EF3B7E124D7E}.Debug|ARM.ActiveCfg = Debug|Any CPU
		{4F67E6F3-56CE-4F52-B14D-EF3B7E124D7E}.Debug|ARM.Build.0 = Debug|Any CPU
		{4F67E6F3-56CE-4F52-B14D-EF3B7E124D7E}.Debug|x64.ActiveCfg = Debug|Any CPU
		{4F67E6F3-56CE-4F52-B14D-EF3B7E124D7E}.Debug|x64.Build.0 = Debug|Any CPU
		{4F67E6F3-56CE-4F52-B14D-EF3B7E124D7E}.Debug|x86.ActiveCfg = Debug|Any CPU
		{4F67E6F3-56CE-4F52-B14D-EF3B7E124D7E}.Debug|x86.Build.0 = Debug|Any CPU
		{4F67E6F3-56CE-4F52-B14D-EF3B7E124D7E}.Release|Any CPU.ActiveCfg = Release|Any CPU
		{4F67E6F3-56CE-4F52-B14D-EF3B7E124D7E}.Release|Any CPU.Build.0 = Release|Any CPU
		{4F67E6F3-56CE-4F52-B14D-EF3B7E124D7E}.Release|ARM.ActiveCfg = Release|Any CPU
		{4F67E6F3-56CE-4F52-B14D-EF3B7E124D7E}.Release|ARM.Build.0 = Release|Any CPU
		{4F67E6F3-56CE-4F52-B14D-EF3B7E124D7E}.Release|x64.ActiveCfg = Release|Any CPU
		{4F67E6F3-56CE-4F52-B14D-EF3B7E124D7E}.Release|x64.Build.0 = Release|Any CPU
		{4F67E6F3-56CE-4F52-B14D-EF3B7E124D7E}.Release|x86.ActiveCfg = Release|Any CPU
		{4F67E6F3-56CE-4F52-B14D-EF3B7E124D7E}.Release|x86.Build.0 = Release|Any CPU
		{80DD7069-FB86-4694-A624-ED69D32123D5}.Debug|Any CPU.ActiveCfg = Debug|Any CPU
		{80DD7069-FB86-4694-A624-ED69D32123D5}.Debug|Any CPU.Build.0 = Debug|Any CPU
		{80DD7069-FB86-4694-A624-ED69D32123D5}.Debug|ARM.ActiveCfg = Debug|Any CPU
		{80DD7069-FB86-4694-A624-ED69D32123D5}.Debug|ARM.Build.0 = Debug|Any CPU
		{80DD7069-FB86-4694-A624-ED69D32123D5}.Debug|x64.ActiveCfg = Debug|Any CPU
		{80DD7069-FB86-4694-A624-ED69D32123D5}.Debug|x64.Build.0 = Debug|Any CPU
		{80DD7069-FB86-4694-A624-ED69D32123D5}.Debug|x86.ActiveCfg = Debug|Any CPU
		{80DD7069-FB86-4694-A624-ED69D32123D5}.Debug|x86.Build.0 = Debug|Any CPU
		{80DD7069-FB86-4694-A624-ED69D32123D5}.Release|Any CPU.ActiveCfg = Release|Any CPU
		{80DD7069-FB86-4694-A624-ED69D32123D5}.Release|Any CPU.Build.0 = Release|Any CPU
		{80DD7069-FB86-4694-A624-ED69D32123D5}.Release|ARM.ActiveCfg = Release|Any CPU
		{80DD7069-FB86-4694-A624-ED69D32123D5}.Release|ARM.Build.0 = Release|Any CPU
		{80DD7069-FB86-4694-A624-ED69D32123D5}.Release|x64.ActiveCfg = Release|Any CPU
		{80DD7069-FB86-4694-A624-ED69D32123D5}.Release|x64.Build.0 = Release|Any CPU
		{80DD7069-FB86-4694-A624-ED69D32123D5}.Release|x86.ActiveCfg = Release|Any CPU
		{80DD7069-FB86-4694-A624-ED69D32123D5}.Release|x86.Build.0 = Release|Any CPU
		{8B33AFB6-0AC5-4F64-9479-5D3BE5A9D317}.Debug|Any CPU.ActiveCfg = Debug|x64
		{8B33AFB6-0AC5-4F64-9479-5D3BE5A9D317}.Debug|ARM.ActiveCfg = Debug|Win32
		{8B33AFB6-0AC5-4F64-9479-5D3BE5A9D317}.Debug|x64.ActiveCfg = Debug|x64
		{8B33AFB6-0AC5-4F64-9479-5D3BE5A9D317}.Debug|x64.Build.0 = Debug|x64
		{8B33AFB6-0AC5-4F64-9479-5D3BE5A9D317}.Debug|x86.ActiveCfg = Debug|Win32
		{8B33AFB6-0AC5-4F64-9479-5D3BE5A9D317}.Debug|x86.Build.0 = Debug|Win32
		{8B33AFB6-0AC5-4F64-9479-5D3BE5A9D317}.Release|Any CPU.ActiveCfg = Release|Win32
		{8B33AFB6-0AC5-4F64-9479-5D3BE5A9D317}.Release|ARM.ActiveCfg = Release|Win32
		{8B33AFB6-0AC5-4F64-9479-5D3BE5A9D317}.Release|x64.ActiveCfg = Release|x64
		{8B33AFB6-0AC5-4F64-9479-5D3BE5A9D317}.Release|x64.Build.0 = Release|x64
		{8B33AFB6-0AC5-4F64-9479-5D3BE5A9D317}.Release|x86.ActiveCfg = Release|Win32
		{8B33AFB6-0AC5-4F64-9479-5D3BE5A9D317}.Release|x86.Build.0 = Release|Win32
		{78332936-90C5-4509-A94B-97E4F1625DA3}.Debug|Any CPU.ActiveCfg = Debug|Win32
		{78332936-90C5-4509-A94B-97E4F1625DA3}.Debug|ARM.ActiveCfg = Debug|Win32
		{78332936-90C5-4509-A94B-97E4F1625DA3}.Debug|x64.ActiveCfg = Debug|Win32
		{78332936-90C5-4509-A94B-97E4F1625DA3}.Debug|x86.ActiveCfg = Debug|Win32
		{78332936-90C5-4509-A94B-97E4F1625DA3}.Debug|x86.Build.0 = Debug|Win32
		{78332936-90C5-4509-A94B-97E4F1625DA3}.Release|Any CPU.ActiveCfg = Release|Win32
		{78332936-90C5-4509-A94B-97E4F1625DA3}.Release|ARM.ActiveCfg = Release|Win32
		{78332936-90C5-4509-A94B-97E4F1625DA3}.Release|x64.ActiveCfg = Release|Win32
		{78332936-90C5-4509-A94B-97E4F1625DA3}.Release|x86.ActiveCfg = Release|Win32
		{78332936-90C5-4509-A94B-97E4F1625DA3}.Release|x86.Build.0 = Release|Win32
		{A2705FDD-EE42-499B-80E3-B8ED7B95E046}.Debug|Any CPU.ActiveCfg = Debug|Win32
		{A2705FDD-EE42-499B-80E3-B8ED7B95E046}.Debug|ARM.ActiveCfg = Debug|Win32
		{A2705FDD-EE42-499B-80E3-B8ED7B95E046}.Debug|x64.ActiveCfg = Debug|Win32
		{A2705FDD-EE42-499B-80E3-B8ED7B95E046}.Debug|x86.ActiveCfg = Debug|Win32
		{A2705FDD-EE42-499B-80E3-B8ED7B95E046}.Debug|x86.Build.0 = Debug|Win32
		{A2705FDD-EE42-499B-80E3-B8ED7B95E046}.Release|Any CPU.ActiveCfg = Release|Win32
		{A2705FDD-EE42-499B-80E3-B8ED7B95E046}.Release|ARM.ActiveCfg = Release|Win32
		{A2705FDD-EE42-499B-80E3-B8ED7B95E046}.Release|x64.ActiveCfg = Release|Win32
		{A2705FDD-EE42-499B-80E3-B8ED7B95E046}.Release|x86.ActiveCfg = Release|Win32
		{A2705FDD-EE42-499B-80E3-B8ED7B95E046}.Release|x86.Build.0 = Release|Win32
	EndGlobalSection
	GlobalSection(SolutionProperties) = preSolution
		HideSolutionNode = FALSE
	EndGlobalSection
	GlobalSection(NestedProjects) = preSolution
		{61935997-BDD2-4F59-A73F-B17D4F90457D} = {3C41A710-BE9A-4F11-963D-5F2777165DC3}
		{8F0B57E7-40DA-4DB6-A106-19171230D8F8} = {3C41A710-BE9A-4F11-963D-5F2777165DC3}
		{0072EA72-7E63-48BC-88D2-5680930D9697} = {3C41A710-BE9A-4F11-963D-5F2777165DC3}
		{ADF4967E-FE86-47E6-B55E-1D086A6E3B0C} = {3C41A710-BE9A-4F11-963D-5F2777165DC3}
		{4F67E6F3-56CE-4F52-B14D-EF3B7E124D7E} = {DDCF04EF-9127-490C-942D-28EFE2B0F13E}
		{80DD7069-FB86-4694-A624-ED69D32123D5} = {3C41A710-BE9A-4F11-963D-5F2777165DC3}
		{8B33AFB6-0AC5-4F64-9479-5D3BE5A9D317} = {AA273B4F-69F7-4FE7-A068-40B6D2665F8B}
		{78332936-90C5-4509-A94B-97E4F1625DA3} = {6B9C0587-3E90-4270-B47A-0BFA43666696}
		{A2705FDD-EE42-499B-80E3-B8ED7B95E046} = {6B9C0587-3E90-4270-B47A-0BFA43666696}
	EndGlobalSection
	GlobalSection(ExtensibilityGlobals) = postSolution
		SolutionGuid = {F255F2E8-C1F7-400B-BE64-60202D36778F}
	EndGlobalSection
EndGlobal
