
Microsoft Visual Studio Solution File, Format Version 12.00
# Visual Studio 14
VisualStudioVersion = 14.0.25420.1
MinimumVisualStudioVersion = 10.0.40219.1
Project("{FAE04EC0-301F-11D3-BF4B-00C04F79EFBC}") = "AutoZip", "AutoZip\AutoZip.csproj", "{5AD5F4E7-1A55-40EA-9CDE-E6052591A762}"
EndProject
Project("{FAE04EC0-301F-11D3-BF4B-00C04F79EFBC}") = "LogHelper", "LogHelper\LogHelper.csproj", "{4688D026-2B8E-42DD-90C4-106B900F9CFB}"
EndProject
Project("{FAE04EC0-301F-11D3-BF4B-00C04F79EFBC}") = "SYS_ThreadSync", "ThreadSync\SYS_ThreadSync.csproj", "{C624DEFC-4780-4435-AE11-C630A26C83AC}"
EndProject
Project("{FAE04EC0-301F-11D3-BF4B-00C04F79EFBC}") = "HelloWorld", "HelloWorld\HelloWorld.csproj", "{DF475759-2C65-48AC-8B94-712A3525042F}"
EndProject
Project("{FAE04EC0-301F-11D3-BF4B-00C04F79EFBC}") = "AppendContentToCosole", "AppendContentToCosole\AppendContentToCosole.csproj", "{FA0541AE-CDCB-4E64-A18F-00549B386898}"
EndProject
Project("{FAE04EC0-301F-11D3-BF4B-00C04F79EFBC}") = "FolderWatcher", "FolderWatcher\FolderWatcher.csproj", "{DDD606CB-1544-4CDC-BF20-6C3F41484C81}"
EndProject
Project("{FAE04EC0-301F-11D3-BF4B-00C04F79EFBC}") = "CreateChm", "CreateChm\CreateChm.csproj", "{471A36F8-B171-4B58-BC85-03A4ED16D892}"
EndProject
Project("{FAE04EC0-301F-11D3-BF4B-00C04F79EFBC}") = "CYQ.Data", "cyqdata-master\CYQ.Data.csproj", "{BD5CCC87-278F-4FEB-AD23-157FCBA9FFA1}"
EndProject
Project("{FAE04EC0-301F-11D3-BF4B-00C04F79EFBC}") = "FileAssociation", "FileAssociation\FileAssociation.csproj", "{1BEF226C-40C7-48EC-9B53-8CDFDFDC5C7E}"
EndProject
Project("{FAE04EC0-301F-11D3-BF4B-00C04F79EFBC}") = "InvokerHelperDemo", "InvokerHelperDemo\InvokerHelperDemo.csproj", "{FFAD6D93-FE53-47B1-8403-C444F8AE6B99}"
EndProject
Project("{FAE04EC0-301F-11D3-BF4B-00C04F79EFBC}") = "ShowNotifyMode", "ShowNotifyMode\ShowNotifyMode.csproj", "{63FF142F-E3E4-4D55-87FC-513F795EE2D4}"
EndProject
Project("{2150E333-8FDC-42A3-9474-1A3956D46DE8}") = "WCF", "WCF", "{3C41A710-BE9A-4F11-963D-5F2777165DC3}"
EndProject
Project("{2150E333-8FDC-42A3-9474-1A3956D46DE8}") = "WF", "WF", "{7CC10A44-C054-4467-AFE3-BF7B250BC07C}"
EndProject
Project("{FAE04EC0-301F-11D3-BF4B-00C04F79EFBC}") = "WorkflowConsoleApplication1", "WorkflowConsoleApplication1\WorkflowConsoleApplication1.csproj", "{0EFE36A1-3991-429F-8768-C8FB99AAD4CE}"
EndProject
Project("{2150E333-8FDC-42A3-9474-1A3956D46DE8}") = "MVC", "MVC", "{3C5B93CD-6DAC-47C8-B723-9560B5D65201}"
EndProject
Project("{FAE04EC0-301F-11D3-BF4B-00C04F79EFBC}") = "Web_mvc", "MVC\Web_mvc\Web_mvc.csproj", "{EA803B1C-376A-4CB9-87AC-F00E8465A39E}"
EndProject
Project("{FAE04EC0-301F-11D3-BF4B-00C04F79EFBC}") = "Icl", "WCF\Icl\Icl.csproj", "{61935997-BDD2-4F59-A73F-B17D4F90457D}"
EndProject
Project("{FAE04EC0-301F-11D3-BF4B-00C04F79EFBC}") = "ICL_Achieve", "WCF\IclLibrary\ICL_Achieve.csproj", "{8F0B57E7-40DA-4DB6-A106-19171230D8F8}"
EndProject
Project("{FAE04EC0-301F-11D3-BF4B-00C04F79EFBC}") = "WCFMessageClient.Client", "WCF\WCFMessageClient\WCFMessageClient.Client\WCFMessageClient.Client.csproj", "{AA2B7A55-6FBE-4FC4-B19E-C04FB3076BA1}"
EndProject
Project("{FAE04EC0-301F-11D3-BF4B-00C04F79EFBC}") = "WCFMessageDemo.Contract", "WCF\WCFMessageDemo\WCFMessageDemo.Contract\WCFMessageDemo.Contract.csproj", "{85E8CC45-08B4-4FD9-B774-1FFAA81FA875}"
EndProject
Project("{FAE04EC0-301F-11D3-BF4B-00C04F79EFBC}") = "WCFMessageDemo.Host", "WCF\WCFMessageDemo\WCFMessageDemo.Host\WCFMessageDemo.Host.csproj", "{BBCFBC9A-9CF4-4CA5-B5A2-97B401CD3E5E}"
EndProject
Project("{FAE04EC0-301F-11D3-BF4B-00C04F79EFBC}") = "WCFMessageDemo.Service", "WCF\WCFMessageDemo\WCFMessageDemo.Service\WCFMessageDemo.Service.csproj", "{FEE5E376-13F9-4688-9B72-9DB8D2D76A5D}"
EndProject
Project("{FAE04EC0-301F-11D3-BF4B-00C04F79EFBC}") = "WcfService1", "WCF\WcfService1\WcfService1.csproj", "{0072EA72-7E63-48BC-88D2-5680930D9697}"
EndProject
Project("{FAE04EC0-301F-11D3-BF4B-00C04F79EFBC}") = "WcfServiceHost", "WCF\WcfServiceHost\WcfServiceHost.csproj", "{ADF4967E-FE86-47E6-B55E-1D086A6E3B0C}"
EndProject
Project("{2150E333-8FDC-42A3-9474-1A3956D46DE8}") = "ZeroMQ", "ZeroMQ", "{DDCF04EF-9127-490C-942D-28EFE2B0F13E}"
EndProject
Project("{FAE04EC0-301F-11D3-BF4B-00C04F79EFBC}") = "MQTest", "ZeroMQ\MQTest\MQTest.csproj", "{4F67E6F3-56CE-4F52-B14D-EF3B7E124D7E}"
EndProject
Project("{FAE04EC0-301F-11D3-BF4B-00C04F79EFBC}") = "TestWCF_Client", "WCF\TestWCF\TestWCF_Client.csproj", "{80DD7069-FB86-4694-A624-ED69D32123D5}"
EndProject
Project("{2150E333-8FDC-42A3-9474-1A3956D46DE8}") = "CPlus", "CPlus", "{AA273B4F-69F7-4FE7-A068-40B6D2665F8B}"
EndProject
Project("{8BC9CEB8-8B4A-11D0-8D11-00A0C91BC942}") = "HelloWorld", "CPlus\HelloWorld\HelloWorld.vcxproj", "{8B33AFB6-0AC5-4F64-9479-5D3BE5A9D317}"
EndProject
Global
	GlobalSection(SolutionConfigurationPlatforms) = preSolution
		Debug|Any CPU = Debug|Any CPU
		Debug|ARM = Debug|ARM
		Debug|x64 = Debug|x64
		Debug|x86 = Debug|x86
		Release|Any CPU = Release|Any CPU
		Release|ARM = Release|ARM
		Release|x64 = Release|x64
		Release|x86 = Release|x86
	EndGlobalSection
	GlobalSection(ProjectConfigurationPlatforms) = postSolution
		{5AD5F4E7-1A55-40EA-9CDE-E6052591A762}.Debug|Any CPU.ActiveCfg = Debug|Any CPU
		{5AD5F4E7-1A55-40EA-9CDE-E6052591A762}.Debug|Any CPU.Build.0 = Debug|Any CPU
		{5AD5F4E7-1A55-40EA-9CDE-E6052591A762}.Debug|ARM.ActiveCfg = Debug|Any CPU
		{5AD5F4E7-1A55-40EA-9CDE-E6052591A762}.Debug|ARM.Build.0 = Debug|Any CPU
		{5AD5F4E7-1A55-40EA-9CDE-E6052591A762}.Debug|x64.ActiveCfg = Debug|Any CPU
		{5AD5F4E7-1A55-40EA-9CDE-E6052591A762}.Debug|x64.Build.0 = Debug|Any CPU
		{5AD5F4E7-1A55-40EA-9CDE-E6052591A762}.Debug|x86.ActiveCfg = Debug|Any CPU
		{5AD5F4E7-1A55-40EA-9CDE-E6052591A762}.Debug|x86.Build.0 = Debug|Any CPU
		{5AD5F4E7-1A55-40EA-9CDE-E6052591A762}.Release|Any CPU.ActiveCfg = Release|Any CPU
		{5AD5F4E7-1A55-40EA-9CDE-E6052591A762}.Release|Any CPU.Build.0 = Release|Any CPU
		{5AD5F4E7-1A55-40EA-9CDE-E6052591A762}.Release|ARM.ActiveCfg = Release|Any CPU
		{5AD5F4E7-1A55-40EA-9CDE-E6052591A762}.Release|ARM.Build.0 = Release|Any CPU
		{5AD5F4E7-1A55-40EA-9CDE-E6052591A762}.Release|x64.ActiveCfg = Release|Any CPU
		{5AD5F4E7-1A55-40EA-9CDE-E6052591A762}.Release|x64.Build.0 = Release|Any CPU
		{5AD5F4E7-1A55-40EA-9CDE-E6052591A762}.Release|x86.ActiveCfg = Release|Any CPU
		{5AD5F4E7-1A55-40EA-9CDE-E6052591A762}.Release|x86.Build.0 = Release|Any CPU
		{4688D026-2B8E-42DD-90C4-106B900F9CFB}.Debug|Any CPU.ActiveCfg = Debug|Any CPU
		{4688D026-2B8E-42DD-90C4-106B900F9CFB}.Debug|Any CPU.Build.0 = Debug|Any CPU
		{4688D026-2B8E-42DD-90C4-106B900F9CFB}.Debug|ARM.ActiveCfg = Debug|Any CPU
		{4688D026-2B8E-42DD-90C4-106B900F9CFB}.Debug|ARM.Build.0 = Debug|Any CPU
		{4688D026-2B8E-42DD-90C4-106B900F9CFB}.Debug|x64.ActiveCfg = Debug|Any CPU
		{4688D026-2B8E-42DD-90C4-106B900F9CFB}.Debug|x64.Build.0 = Debug|Any CPU
		{4688D026-2B8E-42DD-90C4-106B900F9CFB}.Debug|x86.ActiveCfg = Debug|Any CPU
		{4688D026-2B8E-42DD-90C4-106B900F9CFB}.Debug|x86.Build.0 = Debug|Any CPU
		{4688D026-2B8E-42DD-90C4-106B900F9CFB}.Release|Any CPU.ActiveCfg = Release|Any CPU
		{4688D026-2B8E-42DD-90C4-106B900F9CFB}.Release|Any CPU.Build.0 = Release|Any CPU
		{4688D026-2B8E-42DD-90C4-106B900F9CFB}.Release|ARM.ActiveCfg = Release|Any CPU
		{4688D026-2B8E-42DD-90C4-106B900F9CFB}.Release|ARM.Build.0 = Release|Any CPU
		{4688D026-2B8E-42DD-90C4-106B900F9CFB}.Release|x64.ActiveCfg = Release|Any CPU
		{4688D026-2B8E-42DD-90C4-106B900F9CFB}.Release|x64.Build.0 = Release|Any CPU
		{4688D026-2B8E-42DD-90C4-106B900F9CFB}.Release|x86.ActiveCfg = Release|Any CPU
		{4688D026-2B8E-42DD-90C4-106B900F9CFB}.Release|x86.Build.0 = Release|Any CPU
		{C624DEFC-4780-4435-AE11-C630A26C83AC}.Debug|Any CPU.ActiveCfg = Debug|Any CPU
		{C624DEFC-4780-4435-AE11-C630A26C83AC}.Debug|Any CPU.Build.0 = Debug|Any CPU
		{C624DEFC-4780-4435-AE11-C630A26C83AC}.Debug|ARM.ActiveCfg = Debug|Any CPU
		{C624DEFC-4780-4435-AE11-C630A26C83AC}.Debug|ARM.Build.0 = Debug|Any CPU
		{C624DEFC-4780-4435-AE11-C630A26C83AC}.Debug|x64.ActiveCfg = Debug|Any CPU
		{C624DEFC-4780-4435-AE11-C630A26C83AC}.Debug|x64.Build.0 = Debug|Any CPU
		{C624DEFC-4780-4435-AE11-C630A26C83AC}.Debug|x86.ActiveCfg = Debug|Any CPU
		{C624DEFC-4780-4435-AE11-C630A26C83AC}.Debug|x86.Build.0 = Debug|Any CPU
		{C624DEFC-4780-4435-AE11-C630A26C83AC}.Release|Any CPU.ActiveCfg = Release|Any CPU
		{C624DEFC-4780-4435-AE11-C630A26C83AC}.Release|Any CPU.Build.0 = Release|Any CPU
		{C624DEFC-4780-4435-AE11-C630A26C83AC}.Release|ARM.ActiveCfg = Release|Any CPU
		{C624DEFC-4780-4435-AE11-C630A26C83AC}.Release|ARM.Build.0 = Release|Any CPU
		{C624DEFC-4780-4435-AE11-C630A26C83AC}.Release|x64.ActiveCfg = Release|Any CPU
		{C624DEFC-4780-4435-AE11-C630A26C83AC}.Release|x64.Build.0 = Release|Any CPU
		{C624DEFC-4780-4435-AE11-C630A26C83AC}.Release|x86.ActiveCfg = Release|Any CPU
		{C624DEFC-4780-4435-AE11-C630A26C83AC}.Release|x86.Build.0 = Release|Any CPU
		{DF475759-2C65-48AC-8B94-712A3525042F}.Debug|Any CPU.ActiveCfg = Debug|Any CPU
		{DF475759-2C65-48AC-8B94-712A3525042F}.Debug|Any CPU.Build.0 = Debug|Any CPU
		{DF475759-2C65-48AC-8B94-712A3525042F}.Debug|ARM.ActiveCfg = Debug|Any CPU
		{DF475759-2C65-48AC-8B94-712A3525042F}.Debug|ARM.Build.0 = Debug|Any CPU
		{DF475759-2C65-48AC-8B94-712A3525042F}.Debug|x64.ActiveCfg = Debug|Any CPU
		{DF475759-2C65-48AC-8B94-712A3525042F}.Debug|x64.Build.0 = Debug|Any CPU
		{DF475759-2C65-48AC-8B94-712A3525042F}.Debug|x86.ActiveCfg = Debug|Any CPU
		{DF475759-2C65-48AC-8B94-712A3525042F}.Debug|x86.Build.0 = Debug|Any CPU
		{DF475759-2C65-48AC-8B94-712A3525042F}.Release|Any CPU.ActiveCfg = Release|Any CPU
		{DF475759-2C65-48AC-8B94-712A3525042F}.Release|Any CPU.Build.0 = Release|Any CPU
		{DF475759-2C65-48AC-8B94-712A3525042F}.Release|ARM.ActiveCfg = Release|Any CPU
		{DF475759-2C65-48AC-8B94-712A3525042F}.Release|ARM.Build.0 = Release|Any CPU
		{DF475759-2C65-48AC-8B94-712A3525042F}.Release|x64.ActiveCfg = Release|Any CPU
		{DF475759-2C65-48AC-8B94-712A3525042F}.Release|x64.Build.0 = Release|Any CPU
		{DF475759-2C65-48AC-8B94-712A3525042F}.Release|x86.ActiveCfg = Release|Any CPU
		{DF475759-2C65-48AC-8B94-712A3525042F}.Release|x86.Build.0 = Release|Any CPU
		{FA0541AE-CDCB-4E64-A18F-00549B386898}.Debug|Any CPU.ActiveCfg = Debug|Any CPU
		{FA0541AE-CDCB-4E64-A18F-00549B386898}.Debug|Any CPU.Build.0 = Debug|Any CPU
		{FA0541AE-CDCB-4E64-A18F-00549B386898}.Debug|ARM.ActiveCfg = Debug|Any CPU
		{FA0541AE-CDCB-4E64-A18F-00549B386898}.Debug|ARM.Build.0 = Debug|Any CPU
		{FA0541AE-CDCB-4E64-A18F-00549B386898}.Debug|x64.ActiveCfg = Debug|Any CPU
		{FA0541AE-CDCB-4E64-A18F-00549B386898}.Debug|x64.Build.0 = Debug|Any CPU
		{FA0541AE-CDCB-4E64-A18F-00549B386898}.Debug|x86.ActiveCfg = Debug|Any CPU
		{FA0541AE-CDCB-4E64-A18F-00549B386898}.Debug|x86.Build.0 = Debug|Any CPU
		{FA0541AE-CDCB-4E64-A18F-00549B386898}.Release|Any CPU.ActiveCfg = Release|Any CPU
		{FA0541AE-CDCB-4E64-A18F-00549B386898}.Release|Any CPU.Build.0 = Release|Any CPU
		{FA0541AE-CDCB-4E64-A18F-00549B386898}.Release|ARM.ActiveCfg = Release|Any CPU
		{FA0541AE-CDCB-4E64-A18F-00549B386898}.Release|ARM.Build.0 = Release|Any CPU
		{FA0541AE-CDCB-4E64-A18F-00549B386898}.Release|x64.ActiveCfg = Release|Any CPU
		{FA0541AE-CDCB-4E64-A18F-00549B386898}.Release|x64.Build.0 = Release|Any CPU
		{FA0541AE-CDCB-4E64-A18F-00549B386898}.Release|x86.ActiveCfg = Release|Any CPU
		{FA0541AE-CDCB-4E64-A18F-00549B386898}.Release|x86.Build.0 = Release|Any CPU
		{DDD606CB-1544-4CDC-BF20-6C3F41484C81}.Debug|Any CPU.ActiveCfg = Debug|Any CPU
		{DDD606CB-1544-4CDC-BF20-6C3F41484C81}.Debug|Any CPU.Build.0 = Debug|Any CPU
		{DDD606CB-1544-4CDC-BF20-6C3F41484C81}.Debug|ARM.ActiveCfg = Debug|Any CPU
		{DDD606CB-1544-4CDC-BF20-6C3F41484C81}.Debug|ARM.Build.0 = Debug|Any CPU
		{DDD606CB-1544-4CDC-BF20-6C3F41484C81}.Debug|x64.ActiveCfg = Debug|Any CPU
		{DDD606CB-1544-4CDC-BF20-6C3F41484C81}.Debug|x64.Build.0 = Debug|Any CPU
		{DDD606CB-1544-4CDC-BF20-6C3F41484C81}.Debug|x86.ActiveCfg = Debug|Any CPU
		{DDD606CB-1544-4CDC-BF20-6C3F41484C81}.Debug|x86.Build.0 = Debug|Any CPU
		{DDD606CB-1544-4CDC-BF20-6C3F41484C81}.Release|Any CPU.ActiveCfg = Release|Any CPU
		{DDD606CB-1544-4CDC-BF20-6C3F41484C81}.Release|Any CPU.Build.0 = Release|Any CPU
		{DDD606CB-1544-4CDC-BF20-6C3F41484C81}.Release|ARM.ActiveCfg = Release|Any CPU
		{DDD606CB-1544-4CDC-BF20-6C3F41484C81}.Release|ARM.Build.0 = Release|Any CPU
		{DDD606CB-1544-4CDC-BF20-6C3F41484C81}.Release|x64.ActiveCfg = Release|Any CPU
		{DDD606CB-1544-4CDC-BF20-6C3F41484C81}.Release|x64.Build.0 = Release|Any CPU
		{DDD606CB-1544-4CDC-BF20-6C3F41484C81}.Release|x86.ActiveCfg = Release|Any CPU
		{DDD606CB-1544-4CDC-BF20-6C3F41484C81}.Release|x86.Build.0 = Release|Any CPU
		{471A36F8-B171-4B58-BC85-03A4ED16D892}.Debug|Any CPU.ActiveCfg = Debug|x86
		{471A36F8-B171-4B58-BC85-03A4ED16D892}.Debug|ARM.ActiveCfg = Debug|x86
		{471A36F8-B171-4B58-BC85-03A4ED16D892}.Debug|x64.ActiveCfg = Debug|x86
		{471A36F8-B171-4B58-BC85-03A4ED16D892}.Debug|x86.ActiveCfg = Debug|x86
		{471A36F8-B171-4B58-BC85-03A4ED16D892}.Debug|x86.Build.0 = Debug|x86
		{471A36F8-B171-4B58-BC85-03A4ED16D892}.Release|Any CPU.ActiveCfg = Release|x86
		{471A36F8-B171-4B58-BC85-03A4ED16D892}.Release|ARM.ActiveCfg = Release|x86
		{471A36F8-B171-4B58-BC85-03A4ED16D892}.Release|x64.ActiveCfg = Release|x86
		{471A36F8-B171-4B58-BC85-03A4ED16D892}.Release|x86.ActiveCfg = Release|x86
		{471A36F8-B171-4B58-BC85-03A4ED16D892}.Release|x86.Build.0 = Release|x86
		{BD5CCC87-278F-4FEB-AD23-157FCBA9FFA1}.Debug|Any CPU.ActiveCfg = Debug|Any CPU
		{BD5CCC87-278F-4FEB-AD23-157FCBA9FFA1}.Debug|Any CPU.Build.0 = Debug|Any CPU
		{BD5CCC87-278F-4FEB-AD23-157FCBA9FFA1}.Debug|ARM.ActiveCfg = Debug|Any CPU
		{BD5CCC87-278F-4FEB-AD23-157FCBA9FFA1}.Debug|ARM.Build.0 = Debug|Any CPU
		{BD5CCC87-278F-4FEB-AD23-157FCBA9FFA1}.Debug|x64.ActiveCfg = Debug|Any CPU
		{BD5CCC87-278F-4FEB-AD23-157FCBA9FFA1}.Debug|x64.Build.0 = Debug|Any CPU
		{BD5CCC87-278F-4FEB-AD23-157FCBA9FFA1}.Debug|x86.ActiveCfg = Debug|Any CPU
		{BD5CCC87-278F-4FEB-AD23-157FCBA9FFA1}.Debug|x86.Build.0 = Debug|Any CPU
		{BD5CCC87-278F-4FEB-AD23-157FCBA9FFA1}.Release|Any CPU.ActiveCfg = Release|Any CPU
		{BD5CCC87-278F-4FEB-AD23-157FCBA9FFA1}.Release|Any CPU.Build.0 = Release|Any CPU
		{BD5CCC87-278F-4FEB-AD23-157FCBA9FFA1}.Release|ARM.ActiveCfg = Release|Any CPU
		{BD5CCC87-278F-4FEB-AD23-157FCBA9FFA1}.Release|ARM.Build.0 = Release|Any CPU
		{BD5CCC87-278F-4FEB-AD23-157FCBA9FFA1}.Release|x64.ActiveCfg = Release|Any CPU
		{BD5CCC87-278F-4FEB-AD23-157FCBA9FFA1}.Release|x64.Build.0 = Release|Any CPU
		{BD5CCC87-278F-4FEB-AD23-157FCBA9FFA1}.Release|x86.ActiveCfg = Release|Any CPU
		{BD5CCC87-278F-4FEB-AD23-157FCBA9FFA1}.Release|x86.Build.0 = Release|Any CPU
		{1BEF226C-40C7-48EC-9B53-8CDFDFDC5C7E}.Debug|Any CPU.ActiveCfg = Debug|Any CPU
		{1BEF226C-40C7-48EC-9B53-8CDFDFDC5C7E}.Debug|Any CPU.Build.0 = Debug|Any CPU
		{1BEF226C-40C7-48EC-9B53-8CDFDFDC5C7E}.Debug|ARM.ActiveCfg = Debug|Any CPU
		{1BEF226C-40C7-48EC-9B53-8CDFDFDC5C7E}.Debug|ARM.Build.0 = Debug|Any CPU
		{1BEF226C-40C7-48EC-9B53-8CDFDFDC5C7E}.Debug|x64.ActiveCfg = Debug|Any CPU
		{1BEF226C-40C7-48EC-9B53-8CDFDFDC5C7E}.Debug|x64.Build.0 = Debug|Any CPU
		{1BEF226C-40C7-48EC-9B53-8CDFDFDC5C7E}.Debug|x86.ActiveCfg = Debug|Any CPU
		{1BEF226C-40C7-48EC-9B53-8CDFDFDC5C7E}.Debug|x86.Build.0 = Debug|Any CPU
		{1BEF226C-40C7-48EC-9B53-8CDFDFDC5C7E}.Release|Any CPU.ActiveCfg = Release|Any CPU
		{1BEF226C-40C7-48EC-9B53-8CDFDFDC5C7E}.Release|Any CPU.Build.0 = Release|Any CPU
		{1BEF226C-40C7-48EC-9B53-8CDFDFDC5C7E}.Release|ARM.ActiveCfg = Release|Any CPU
		{1BEF226C-40C7-48EC-9B53-8CDFDFDC5C7E}.Release|ARM.Build.0 = Release|Any CPU
		{1BEF226C-40C7-48EC-9B53-8CDFDFDC5C7E}.Release|x64.ActiveCfg = Release|Any CPU
		{1BEF226C-40C7-48EC-9B53-8CDFDFDC5C7E}.Release|x64.Build.0 = Release|Any CPU
		{1BEF226C-40C7-48EC-9B53-8CDFDFDC5C7E}.Release|x86.ActiveCfg = Release|Any CPU
		{1BEF226C-40C7-48EC-9B53-8CDFDFDC5C7E}.Release|x86.Build.0 = Release|Any CPU
		{FFAD6D93-FE53-47B1-8403-C444F8AE6B99}.Debug|Any CPU.ActiveCfg = Debug|Any CPU
		{FFAD6D93-FE53-47B1-8403-C444F8AE6B99}.Debug|Any CPU.Build.0 = Debug|Any CPU
		{FFAD6D93-FE53-47B1-8403-C444F8AE6B99}.Debug|ARM.ActiveCfg = Debug|Any CPU
		{FFAD6D93-FE53-47B1-8403-C444F8AE6B99}.Debug|ARM.Build.0 = Debug|Any CPU
		{FFAD6D93-FE53-47B1-8403-C444F8AE6B99}.Debug|x64.ActiveCfg = Debug|Any CPU
		{FFAD6D93-FE53-47B1-8403-C444F8AE6B99}.Debug|x64.Build.0 = Debug|Any CPU
		{FFAD6D93-FE53-47B1-8403-C444F8AE6B99}.Debug|x86.ActiveCfg = Debug|Any CPU
		{FFAD6D93-FE53-47B1-8403-C444F8AE6B99}.Debug|x86.Build.0 = Debug|Any CPU
		{FFAD6D93-FE53-47B1-8403-C444F8AE6B99}.Release|Any CPU.ActiveCfg = Release|Any CPU
		{FFAD6D93-FE53-47B1-8403-C444F8AE6B99}.Release|Any CPU.Build.0 = Release|Any CPU
		{FFAD6D93-FE53-47B1-8403-C444F8AE6B99}.Release|ARM.ActiveCfg = Release|Any CPU
		{FFAD6D93-FE53-47B1-8403-C444F8AE6B99}.Release|ARM.Build.0 = Release|Any CPU
		{FFAD6D93-FE53-47B1-8403-C444F8AE6B99}.Release|x64.ActiveCfg = Release|Any CPU
		{FFAD6D93-FE53-47B1-8403-C444F8AE6B99}.Release|x64.Build.0 = Release|Any CPU
		{FFAD6D93-FE53-47B1-8403-C444F8AE6B99}.Release|x86.ActiveCfg = Release|Any CPU
		{FFAD6D93-FE53-47B1-8403-C444F8AE6B99}.Release|x86.Build.0 = Release|Any CPU
		{63FF142F-E3E4-4D55-87FC-513F795EE2D4}.Debug|Any CPU.ActiveCfg = Debug|Any CPU
		{63FF142F-E3E4-4D55-87FC-513F795EE2D4}.Debug|Any CPU.Build.0 = Debug|Any CPU
		{63FF142F-E3E4-4D55-87FC-513F795EE2D4}.Debug|ARM.ActiveCfg = Debug|Any CPU
		{63FF142F-E3E4-4D55-87FC-513F795EE2D4}.Debug|ARM.Build.0 = Debug|Any CPU
		{63FF142F-E3E4-4D55-87FC-513F795EE2D4}.Debug|x64.ActiveCfg = Debug|Any CPU
		{63FF142F-E3E4-4D55-87FC-513F795EE2D4}.Debug|x64.Build.0 = Debug|Any CPU
		{63FF142F-E3E4-4D55-87FC-513F795EE2D4}.Debug|x86.ActiveCfg = Debug|Any CPU
		{63FF142F-E3E4-4D55-87FC-513F795EE2D4}.Debug|x86.Build.0 = Debug|Any CPU
		{63FF142F-E3E4-4D55-87FC-513F795EE2D4}.Release|Any CPU.ActiveCfg = Release|Any CPU
		{63FF142F-E3E4-4D55-87FC-513F795EE2D4}.Release|Any CPU.Build.0 = Release|Any CPU
		{63FF142F-E3E4-4D55-87FC-513F795EE2D4}.Release|ARM.ActiveCfg = Release|Any CPU
		{63FF142F-E3E4-4D55-87FC-513F795EE2D4}.Release|ARM.Build.0 = Release|Any CPU
		{63FF142F-E3E4-4D55-87FC-513F795EE2D4}.Release|x64.ActiveCfg = Release|Any CPU
		{63FF142F-E3E4-4D55-87FC-513F795EE2D4}.Release|x64.Build.0 = Release|Any CPU
		{63FF142F-E3E4-4D55-87FC-513F795EE2D4}.Release|x86.ActiveCfg = Release|Any CPU
		{63FF142F-E3E4-4D55-87FC-513F795EE2D4}.Release|x86.Build.0 = Release|Any CPU
		{0EFE36A1-3991-429F-8768-C8FB99AAD4CE}.Debug|Any CPU.ActiveCfg = Debug|x86
		{0EFE36A1-3991-429F-8768-C8FB99AAD4CE}.Debug|ARM.ActiveCfg = Debug|x86
		{0EFE36A1-3991-429F-8768-C8FB99AAD4CE}.Debug|x64.ActiveCfg = Debug|x86
		{0EFE36A1-3991-429F-8768-C8FB99AAD4CE}.Debug|x86.ActiveCfg = Debug|x86
		{0EFE36A1-3991-429F-8768-C8FB99AAD4CE}.Debug|x86.Build.0 = Debug|x86
		{0EFE36A1-3991-429F-8768-C8FB99AAD4CE}.Release|Any CPU.ActiveCfg = Release|x86
		{0EFE36A1-3991-429F-8768-C8FB99AAD4CE}.Release|ARM.ActiveCfg = Release|x86
		{0EFE36A1-3991-429F-8768-C8FB99AAD4CE}.Release|x64.ActiveCfg = Release|x86
		{0EFE36A1-3991-429F-8768-C8FB99AAD4CE}.Release|x86.ActiveCfg = Release|x86
		{0EFE36A1-3991-429F-8768-C8FB99AAD4CE}.Release|x86.Build.0 = Release|x86
		{EA803B1C-376A-4CB9-87AC-F00E8465A39E}.Debug|Any CPU.ActiveCfg = Debug|Any CPU
		{EA803B1C-376A-4CB9-87AC-F00E8465A39E}.Debug|Any CPU.Build.0 = Debug|Any CPU
		{EA803B1C-376A-4CB9-87AC-F00E8465A39E}.Debug|ARM.ActiveCfg = Debug|Any CPU
		{EA803B1C-376A-4CB9-87AC-F00E8465A39E}.Debug|ARM.Build.0 = Debug|Any CPU
		{EA803B1C-376A-4CB9-87AC-F00E8465A39E}.Debug|x64.ActiveCfg = Debug|Any CPU
		{EA803B1C-376A-4CB9-87AC-F00E8465A39E}.Debug|x64.Build.0 = Debug|Any CPU
		{EA803B1C-376A-4CB9-87AC-F00E8465A39E}.Debug|x86.ActiveCfg = Debug|Any CPU
		{EA803B1C-376A-4CB9-87AC-F00E8465A39E}.Debug|x86.Build.0 = Debug|Any CPU
		{EA803B1C-376A-4CB9-87AC-F00E8465A39E}.Release|Any CPU.ActiveCfg = Release|Any CPU
		{EA803B1C-376A-4CB9-87AC-F00E8465A39E}.Release|Any CPU.Build.0 = Release|Any CPU
		{EA803B1C-376A-4CB9-87AC-F00E8465A39E}.Release|ARM.ActiveCfg = Release|Any CPU
		{EA803B1C-376A-4CB9-87AC-F00E8465A39E}.Release|ARM.Build.0 = Release|Any CPU
		{EA803B1C-376A-4CB9-87AC-F00E8465A39E}.Release|x64.ActiveCfg = Release|Any CPU
		{EA803B1C-376A-4CB9-87AC-F00E8465A39E}.Release|x64.Build.0 = Release|Any CPU
		{EA803B1C-376A-4CB9-87AC-F00E8465A39E}.Release|x86.ActiveCfg = Release|Any CPU
		{EA803B1C-376A-4CB9-87AC-F00E8465A39E}.Release|x86.Build.0 = Release|Any CPU
		{61935997-BDD2-4F59-A73F-B17D4F90457D}.Debug|Any CPU.ActiveCfg = Debug|Any CPU
		{61935997-BDD2-4F59-A73F-B17D4F90457D}.Debug|Any CPU.Build.0 = Debug|Any CPU
		{61935997-BDD2-4F59-A73F-B17D4F90457D}.Debug|ARM.ActiveCfg = Debug|Any CPU
		{61935997-BDD2-4F59-A73F-B17D4F90457D}.Debug|ARM.Build.0 = Debug|Any CPU
		{61935997-BDD2-4F59-A73F-B17D4F90457D}.Debug|x64.ActiveCfg = Debug|Any CPU
		{61935997-BDD2-4F59-A73F-B17D4F90457D}.Debug|x64.Build.0 = Debug|Any CPU
		{61935997-BDD2-4F59-A73F-B17D4F90457D}.Debug|x86.ActiveCfg = Debug|Any CPU
		{61935997-BDD2-4F59-A73F-B17D4F90457D}.Debug|x86.Build.0 = Debug|Any CPU
		{61935997-BDD2-4F59-A73F-B17D4F90457D}.Release|Any CPU.ActiveCfg = Release|Any CPU
		{61935997-BDD2-4F59-A73F-B17D4F90457D}.Release|Any CPU.Build.0 = Release|Any CPU
		{61935997-BDD2-4F59-A73F-B17D4F90457D}.Release|ARM.ActiveCfg = Release|Any CPU
		{61935997-BDD2-4F59-A73F-B17D4F90457D}.Release|ARM.Build.0 = Release|Any CPU
		{61935997-BDD2-4F59-A73F-B17D4F90457D}.Release|x64.ActiveCfg = Release|Any CPU
		{61935997-BDD2-4F59-A73F-B17D4F90457D}.Release|x64.Build.0 = Release|Any CPU
		{61935997-BDD2-4F59-A73F-B17D4F90457D}.Release|x86.ActiveCfg = Release|Any CPU
		{61935997-BDD2-4F59-A73F-B17D4F90457D}.Release|x86.Build.0 = Release|Any CPU
		{8F0B57E7-40DA-4DB6-A106-19171230D8F8}.Debug|Any CPU.ActiveCfg = Debug|Any CPU
		{8F0B57E7-40DA-4DB6-A106-19171230D8F8}.Debug|Any CPU.Build.0 = Debug|Any CPU
		{8F0B57E7-40DA-4DB6-A106-19171230D8F8}.Debug|ARM.ActiveCfg = Debug|Any CPU
		{8F0B57E7-40DA-4DB6-A106-19171230D8F8}.Debug|ARM.Build.0 = Debug|Any CPU
		{8F0B57E7-40DA-4DB6-A106-19171230D8F8}.Debug|x64.ActiveCfg = Debug|Any CPU
		{8F0B57E7-40DA-4DB6-A106-19171230D8F8}.Debug|x64.Build.0 = Debug|Any CPU
		{8F0B57E7-40DA-4DB6-A106-19171230D8F8}.Debug|x86.ActiveCfg = Debug|Any CPU
		{8F0B57E7-40DA-4DB6-A106-19171230D8F8}.Debug|x86.Build.0 = Debug|Any CPU
		{8F0B57E7-40DA-4DB6-A106-19171230D8F8}.Release|Any CPU.ActiveCfg = Release|Any CPU
		{8F0B57E7-40DA-4DB6-A106-19171230D8F8}.Release|Any CPU.Build.0 = Release|Any CPU
		{8F0B57E7-40DA-4DB6-A106-19171230D8F8}.Release|ARM.ActiveCfg = Release|Any CPU
		{8F0B57E7-40DA-4DB6-A106-19171230D8F8}.Release|ARM.Build.0 = Release|Any CPU
		{8F0B57E7-40DA-4DB6-A106-19171230D8F8}.Release|x64.ActiveCfg = Release|Any CPU
		{8F0B57E7-40DA-4DB6-A106-19171230D8F8}.Release|x64.Build.0 = Release|Any CPU
		{8F0B57E7-40DA-4DB6-A106-19171230D8F8}.Release|x86.ActiveCfg = Release|Any CPU
		{8F0B57E7-40DA-4DB6-A106-19171230D8F8}.Release|x86.Build.0 = Release|Any CPU
		{AA2B7A55-6FBE-4FC4-B19E-C04FB3076BA1}.Debug|Any CPU.ActiveCfg = Debug|Any CPU
		{AA2B7A55-6FBE-4FC4-B19E-C04FB3076BA1}.Debug|Any CPU.Build.0 = Debug|Any CPU
		{AA2B7A55-6FBE-4FC4-B19E-C04FB3076BA1}.Debug|ARM.ActiveCfg = Debug|Any CPU
		{AA2B7A55-6FBE-4FC4-B19E-C04FB3076BA1}.Debug|ARM.Build.0 = Debug|Any CPU
		{AA2B7A55-6FBE-4FC4-B19E-C04FB3076BA1}.Debug|x64.ActiveCfg = Debug|Any CPU
		{AA2B7A55-6FBE-4FC4-B19E-C04FB3076BA1}.Debug|x64.Build.0 = Debug|Any CPU
		{AA2B7A55-6FBE-4FC4-B19E-C04FB3076BA1}.Debug|x86.ActiveCfg = Debug|Any CPU
		{AA2B7A55-6FBE-4FC4-B19E-C04FB3076BA1}.Debug|x86.Build.0 = Debug|Any CPU
		{AA2B7A55-6FBE-4FC4-B19E-C04FB3076BA1}.Release|Any CPU.ActiveCfg = Release|Any CPU
		{AA2B7A55-6FBE-4FC4-B19E-C04FB3076BA1}.Release|Any CPU.Build.0 = Release|Any CPU
		{AA2B7A55-6FBE-4FC4-B19E-C04FB3076BA1}.Release|ARM.ActiveCfg = Release|Any CPU
		{AA2B7A55-6FBE-4FC4-B19E-C04FB3076BA1}.Release|ARM.Build.0 = Release|Any CPU
		{AA2B7A55-6FBE-4FC4-B19E-C04FB3076BA1}.Release|x64.ActiveCfg = Release|Any CPU
		{AA2B7A55-6FBE-4FC4-B19E-C04FB3076BA1}.Release|x64.Build.0 = Release|Any CPU
		{AA2B7A55-6FBE-4FC4-B19E-C04FB3076BA1}.Release|x86.ActiveCfg = Release|Any CPU
		{AA2B7A55-6FBE-4FC4-B19E-C04FB3076BA1}.Release|x86.Build.0 = Release|Any CPU
		{85E8CC45-08B4-4FD9-B774-1FFAA81FA875}.Debug|Any CPU.ActiveCfg = Debug|Any CPU
		{85E8CC45-08B4-4FD9-B774-1FFAA81FA875}.Debug|Any CPU.Build.0 = Debug|Any CPU
		{85E8CC45-08B4-4FD9-B774-1FFAA81FA875}.Debug|ARM.ActiveCfg = Debug|Any CPU
		{85E8CC45-08B4-4FD9-B774-1FFAA81FA875}.Debug|ARM.Build.0 = Debug|Any CPU
		{85E8CC45-08B4-4FD9-B774-1FFAA81FA875}.Debug|x64.ActiveCfg = Debug|Any CPU
		{85E8CC45-08B4-4FD9-B774-1FFAA81FA875}.Debug|x64.Build.0 = Debug|Any CPU
		{85E8CC45-08B4-4FD9-B774-1FFAA81FA875}.Debug|x86.ActiveCfg = Debug|Any CPU
		{85E8CC45-08B4-4FD9-B774-1FFAA81FA875}.Debug|x86.Build.0 = Debug|Any CPU
		{85E8CC45-08B4-4FD9-B774-1FFAA81FA875}.Release|Any CPU.ActiveCfg = Release|Any CPU
		{85E8CC45-08B4-4FD9-B774-1FFAA81FA875}.Release|Any CPU.Build.0 = Release|Any CPU
		{85E8CC45-08B4-4FD9-B774-1FFAA81FA875}.Release|ARM.ActiveCfg = Release|Any CPU
		{85E8CC45-08B4-4FD9-B774-1FFAA81FA875}.Release|ARM.Build.0 = Release|Any CPU
		{85E8CC45-08B4-4FD9-B774-1FFAA81FA875}.Release|x64.ActiveCfg = Release|Any CPU
		{85E8CC45-08B4-4FD9-B774-1FFAA81FA875}.Release|x64.Build.0 = Release|Any CPU
		{85E8CC45-08B4-4FD9-B774-1FFAA81FA875}.Release|x86.ActiveCfg = Release|Any CPU
		{85E8CC45-08B4-4FD9-B774-1FFAA81FA875}.Release|x86.Build.0 = Release|Any CPU
		{BBCFBC9A-9CF4-4CA5-B5A2-97B401CD3E5E}.Debug|Any CPU.ActiveCfg = Debug|Any CPU
		{BBCFBC9A-9CF4-4CA5-B5A2-97B401CD3E5E}.Debug|Any CPU.Build.0 = Debug|Any CPU
		{BBCFBC9A-9CF4-4CA5-B5A2-97B401CD3E5E}.Debug|ARM.ActiveCfg = Debug|Any CPU
		{BBCFBC9A-9CF4-4CA5-B5A2-97B401CD3E5E}.Debug|ARM.Build.0 = Debug|Any CPU
		{BBCFBC9A-9CF4-4CA5-B5A2-97B401CD3E5E}.Debug|x64.ActiveCfg = Debug|Any CPU
		{BBCFBC9A-9CF4-4CA5-B5A2-97B401CD3E5E}.Debug|x64.Build.0 = Debug|Any CPU
		{BBCFBC9A-9CF4-4CA5-B5A2-97B401CD3E5E}.Debug|x86.ActiveCfg = Debug|Any CPU
		{BBCFBC9A-9CF4-4CA5-B5A2-97B401CD3E5E}.Debug|x86.Build.0 = Debug|Any CPU
		{BBCFBC9A-9CF4-4CA5-B5A2-97B401CD3E5E}.Release|Any CPU.ActiveCfg = Release|Any CPU
		{BBCFBC9A-9CF4-4CA5-B5A2-97B401CD3E5E}.Release|Any CPU.Build.0 = Release|Any CPU
		{BBCFBC9A-9CF4-4CA5-B5A2-97B401CD3E5E}.Release|ARM.ActiveCfg = Release|Any CPU
		{BBCFBC9A-9CF4-4CA5-B5A2-97B401CD3E5E}.Release|ARM.Build.0 = Release|Any CPU
		{BBCFBC9A-9CF4-4CA5-B5A2-97B401CD3E5E}.Release|x64.ActiveCfg = Release|Any CPU
		{BBCFBC9A-9CF4-4CA5-B5A2-97B401CD3E5E}.Release|x64.Build.0 = Release|Any CPU
		{BBCFBC9A-9CF4-4CA5-B5A2-97B401CD3E5E}.Release|x86.ActiveCfg = Release|Any CPU
		{BBCFBC9A-9CF4-4CA5-B5A2-97B401CD3E5E}.Release|x86.Build.0 = Release|Any CPU
		{FEE5E376-13F9-4688-9B72-9DB8D2D76A5D}.Debug|Any CPU.ActiveCfg = Debug|Any CPU
		{FEE5E376-13F9-4688-9B72-9DB8D2D76A5D}.Debug|Any CPU.Build.0 = Debug|Any CPU
		{FEE5E376-13F9-4688-9B72-9DB8D2D76A5D}.Debug|ARM.ActiveCfg = Debug|Any CPU
		{FEE5E376-13F9-4688-9B72-9DB8D2D76A5D}.Debug|ARM.Build.0 = Debug|Any CPU
		{FEE5E376-13F9-4688-9B72-9DB8D2D76A5D}.Debug|x64.ActiveCfg = Debug|Any CPU
		{FEE5E376-13F9-4688-9B72-9DB8D2D76A5D}.Debug|x64.Build.0 = Debug|Any CPU
		{FEE5E376-13F9-4688-9B72-9DB8D2D76A5D}.Debug|x86.ActiveCfg = Debug|Any CPU
		{FEE5E376-13F9-4688-9B72-9DB8D2D76A5D}.Debug|x86.Build.0 = Debug|Any CPU
		{FEE5E376-13F9-4688-9B72-9DB8D2D76A5D}.Release|Any CPU.ActiveCfg = Release|Any CPU
		{FEE5E376-13F9-4688-9B72-9DB8D2D76A5D}.Release|Any CPU.Build.0 = Release|Any CPU
		{FEE5E376-13F9-4688-9B72-9DB8D2D76A5D}.Release|ARM.ActiveCfg = Release|Any CPU
		{FEE5E376-13F9-4688-9B72-9DB8D2D76A5D}.Release|ARM.Build.0 = Release|Any CPU
		{FEE5E376-13F9-4688-9B72-9DB8D2D76A5D}.Release|x64.ActiveCfg = Release|Any CPU
		{FEE5E376-13F9-4688-9B72-9DB8D2D76A5D}.Release|x64.Build.0 = Release|Any CPU
		{FEE5E376-13F9-4688-9B72-9DB8D2D76A5D}.Release|x86.ActiveCfg = Release|Any CPU
		{FEE5E376-13F9-4688-9B72-9DB8D2D76A5D}.Release|x86.Build.0 = Release|Any CPU
		{0072EA72-7E63-48BC-88D2-5680930D9697}.Debug|Any CPU.ActiveCfg = Debug|Any CPU
		{0072EA72-7E63-48BC-88D2-5680930D9697}.Debug|Any CPU.Build.0 = Debug|Any CPU
		{0072EA72-7E63-48BC-88D2-5680930D9697}.Debug|ARM.ActiveCfg = Debug|Any CPU
		{0072EA72-7E63-48BC-88D2-5680930D9697}.Debug|ARM.Build.0 = Debug|Any CPU
		{0072EA72-7E63-48BC-88D2-5680930D9697}.Debug|x64.ActiveCfg = Debug|Any CPU
		{0072EA72-7E63-48BC-88D2-5680930D9697}.Debug|x64.Build.0 = Debug|Any CPU
		{0072EA72-7E63-48BC-88D2-5680930D9697}.Debug|x86.ActiveCfg = Debug|Any CPU
		{0072EA72-7E63-48BC-88D2-5680930D9697}.Debug|x86.Build.0 = Debug|Any CPU
		{0072EA72-7E63-48BC-88D2-5680930D9697}.Release|Any CPU.ActiveCfg = Release|Any CPU
		{0072EA72-7E63-48BC-88D2-5680930D9697}.Release|Any CPU.Build.0 = Release|Any CPU
		{0072EA72-7E63-48BC-88D2-5680930D9697}.Release|ARM.ActiveCfg = Release|Any CPU
		{0072EA72-7E63-48BC-88D2-5680930D9697}.Release|ARM.Build.0 = Release|Any CPU
		{0072EA72-7E63-48BC-88D2-5680930D9697}.Release|x64.ActiveCfg = Release|Any CPU
		{0072EA72-7E63-48BC-88D2-5680930D9697}.Release|x64.Build.0 = Release|Any CPU
		{0072EA72-7E63-48BC-88D2-5680930D9697}.Release|x86.ActiveCfg = Release|Any CPU
		{0072EA72-7E63-48BC-88D2-5680930D9697}.Release|x86.Build.0 = Release|Any CPU
		{ADF4967E-FE86-47E6-B55E-1D086A6E3B0C}.Debug|Any CPU.ActiveCfg = Debug|Any CPU
		{ADF4967E-FE86-47E6-B55E-1D086A6E3B0C}.Debug|Any CPU.Build.0 = Debug|Any CPU
		{ADF4967E-FE86-47E6-B55E-1D086A6E3B0C}.Debug|ARM.ActiveCfg = Debug|Any CPU
		{ADF4967E-FE86-47E6-B55E-1D086A6E3B0C}.Debug|ARM.Build.0 = Debug|Any CPU
		{ADF4967E-FE86-47E6-B55E-1D086A6E3B0C}.Debug|x64.ActiveCfg = Debug|Any CPU
		{ADF4967E-FE86-47E6-B55E-1D086A6E3B0C}.Debug|x64.Build.0 = Debug|Any CPU
		{ADF4967E-FE86-47E6-B55E-1D086A6E3B0C}.Debug|x86.ActiveCfg = Debug|Any CPU
		{ADF4967E-FE86-47E6-B55E-1D086A6E3B0C}.Debug|x86.Build.0 = Debug|Any CPU
		{ADF4967E-FE86-47E6-B55E-1D086A6E3B0C}.Release|Any CPU.ActiveCfg = Release|Any CPU
		{ADF4967E-FE86-47E6-B55E-1D086A6E3B0C}.Release|Any CPU.Build.0 = Release|Any CPU
		{ADF4967E-FE86-47E6-B55E-1D086A6E3B0C}.Release|ARM.ActiveCfg = Release|Any CPU
		{ADF4967E-FE86-47E6-B55E-1D086A6E3B0C}.Release|ARM.Build.0 = Release|Any CPU
		{ADF4967E-FE86-47E6-B55E-1D086A6E3B0C}.Release|x64.ActiveCfg = Release|Any CPU
		{ADF4967E-FE86-47E6-B55E-1D086A6E3B0C}.Release|x64.Build.0 = Release|Any CPU
		{ADF4967E-FE86-47E6-B55E-1D086A6E3B0C}.Release|x86.ActiveCfg = Release|Any CPU
		{ADF4967E-FE86-47E6-B55E-1D086A6E3B0C}.Release|x86.Build.0 = Release|Any CPU
		{4F67E6F3-56CE-4F52-B14D-EF3B7E124D7E}.Debug|Any CPU.ActiveCfg = Debug|Any CPU
		{4F67E6F3-56CE-4F52-B14D-EF3B7E124D7E}.Debug|Any CPU.Build.0 = Debug|Any CPU
		{4F67E6F3-56CE-4F52-B14D-EF3B7E124D7E}.Debug|ARM.ActiveCfg = Debug|Any CPU
		{4F67E6F3-56CE-4F52-B14D-EF3B7E124D7E}.Debug|ARM.Build.0 = Debug|Any CPU
		{4F67E6F3-56CE-4F52-B14D-EF3B7E124D7E}.Debug|x64.ActiveCfg = Debug|Any CPU
		{4F67E6F3-56CE-4F52-B14D-EF3B7E124D7E}.Debug|x64.Build.0 = Debug|Any CPU
		{4F67E6F3-56CE-4F52-B14D-EF3B7E124D7E}.Debug|x86.ActiveCfg = Debug|Any CPU
		{4F67E6F3-56CE-4F52-B14D-EF3B7E124D7E}.Debug|x86.Build.0 = Debug|Any CPU
		{4F67E6F3-56CE-4F52-B14D-EF3B7E124D7E}.Release|Any CPU.ActiveCfg = Release|Any CPU
		{4F67E6F3-56CE-4F52-B14D-EF3B7E124D7E}.Release|Any CPU.Build.0 = Release|Any CPU
		{4F67E6F3-56CE-4F52-B14D-EF3B7E124D7E}.Release|ARM.ActiveCfg = Release|Any CPU
		{4F67E6F3-56CE-4F52-B14D-EF3B7E124D7E}.Release|ARM.Build.0 = Release|Any CPU
		{4F67E6F3-56CE-4F52-B14D-EF3B7E124D7E}.Release|x64.ActiveCfg = Release|Any CPU
		{4F67E6F3-56CE-4F52-B14D-EF3B7E124D7E}.Release|x64.Build.0 = Release|Any CPU
		{4F67E6F3-56CE-4F52-B14D-EF3B7E124D7E}.Release|x86.ActiveCfg = Release|Any CPU
		{4F67E6F3-56CE-4F52-B14D-EF3B7E124D7E}.Release|x86.Build.0 = Release|Any CPU
		{80DD7069-FB86-4694-A624-ED69D32123D5}.Debug|Any CPU.ActiveCfg = Debug|Any CPU
		{80DD7069-FB86-4694-A624-ED69D32123D5}.Debug|Any CPU.Build.0 = Debug|Any CPU
		{80DD7069-FB86-4694-A624-ED69D32123D5}.Debug|ARM.ActiveCfg = Debug|Any CPU
		{80DD7069-FB86-4694-A624-ED69D32123D5}.Debug|ARM.Build.0 = Debug|Any CPU
		{80DD7069-FB86-4694-A624-ED69D32123D5}.Debug|x64.ActiveCfg = Debug|Any CPU
		{80DD7069-FB86-4694-A624-ED69D32123D5}.Debug|x64.Build.0 = Debug|Any CPU
		{80DD7069-FB86-4694-A624-ED69D32123D5}.Debug|x86.ActiveCfg = Debug|Any CPU
		{80DD7069-FB86-4694-A624-ED69D32123D5}.Debug|x86.Build.0 = Debug|Any CPU
		{80DD7069-FB86-4694-A624-ED69D32123D5}.Release|Any CPU.ActiveCfg = Release|Any CPU
		{80DD7069-FB86-4694-A624-ED69D32123D5}.Release|Any CPU.Build.0 = Release|Any CPU
		{80DD7069-FB86-4694-A624-ED69D32123D5}.Release|ARM.ActiveCfg = Release|Any CPU
		{80DD7069-FB86-4694-A624-ED69D32123D5}.Release|ARM.Build.0 = Release|Any CPU
		{80DD7069-FB86-4694-A624-ED69D32123D5}.Release|x64.ActiveCfg = Release|Any CPU
		{80DD7069-FB86-4694-A624-ED69D32123D5}.Release|x64.Build.0 = Release|Any CPU
		{80DD7069-FB86-4694-A624-ED69D32123D5}.Release|x86.ActiveCfg = Release|Any CPU
		{80DD7069-FB86-4694-A624-ED69D32123D5}.Release|x86.Build.0 = Release|Any CPU
		{8B33AFB6-0AC5-4F64-9479-5D3BE5A9D317}.Debug|Any CPU.ActiveCfg = Debug|x64
		{8B33AFB6-0AC5-4F64-9479-5D3BE5A9D317}.Debug|ARM.ActiveCfg = Debug|Win32
		{8B33AFB6-0AC5-4F64-9479-5D3BE5A9D317}.Debug|x64.ActiveCfg = Debug|x64
		{8B33AFB6-0AC5-4F64-9479-5D3BE5A9D317}.Debug|x64.Build.0 = Debug|x64
		{8B33AFB6-0AC5-4F64-9479-5D3BE5A9D317}.Debug|x86.ActiveCfg = Debug|Win32
		{8B33AFB6-0AC5-4F64-9479-5D3BE5A9D317}.Debug|x86.Build.0 = Debug|Win32
		{8B33AFB6-0AC5-4F64-9479-5D3BE5A9D317}.Release|Any CPU.ActiveCfg = Release|Win32
		{8B33AFB6-0AC5-4F64-9479-5D3BE5A9D317}.Release|ARM.ActiveCfg = Release|Win32
		{8B33AFB6-0AC5-4F64-9479-5D3BE5A9D317}.Release|x64.ActiveCfg = Release|x64
		{8B33AFB6-0AC5-4F64-9479-5D3BE5A9D317}.Release|x64.Build.0 = Release|x64
		{8B33AFB6-0AC5-4F64-9479-5D3BE5A9D317}.Release|x86.ActiveCfg = Release|Win32
		{8B33AFB6-0AC5-4F64-9479-5D3BE5A9D317}.Release|x86.Build.0 = Release|Win32
	EndGlobalSection
	GlobalSection(SolutionProperties) = preSolution
		HideSolutionNode = FALSE
	EndGlobalSection
	GlobalSection(NestedProjects) = preSolution
		{0EFE36A1-3991-429F-8768-C8FB99AAD4CE} = {7CC10A44-C054-4467-AFE3-BF7B250BC07C}
		{EA803B1C-376A-4CB9-87AC-F00E8465A39E} = {3C5B93CD-6DAC-47C8-B723-9560B5D65201}
		{61935997-BDD2-4F59-A73F-B17D4F90457D} = {3C41A710-BE9A-4F11-963D-5F2777165DC3}
		{8F0B57E7-40DA-4DB6-A106-19171230D8F8} = {3C41A710-BE9A-4F11-963D-5F2777165DC3}
		{AA2B7A55-6FBE-4FC4-B19E-C04FB3076BA1} = {3C41A710-BE9A-4F11-963D-5F2777165DC3}
		{85E8CC45-08B4-4FD9-B774-1FFAA81FA875} = {3C41A710-BE9A-4F11-963D-5F2777165DC3}
		{BBCFBC9A-9CF4-4CA5-B5A2-97B401CD3E5E} = {3C41A710-BE9A-4F11-963D-5F2777165DC3}
		{FEE5E376-13F9-4688-9B72-9DB8D2D76A5D} = {3C41A710-BE9A-4F11-963D-5F2777165DC3}
		{0072EA72-7E63-48BC-88D2-5680930D9697} = {3C41A710-BE9A-4F11-963D-5F2777165DC3}
		{ADF4967E-FE86-47E6-B55E-1D086A6E3B0C} = {3C41A710-BE9A-4F11-963D-5F2777165DC3}
		{4F67E6F3-56CE-4F52-B14D-EF3B7E124D7E} = {DDCF04EF-9127-490C-942D-28EFE2B0F13E}
		{80DD7069-FB86-4694-A624-ED69D32123D5} = {3C41A710-BE9A-4F11-963D-5F2777165DC3}
		{8B33AFB6-0AC5-4F64-9479-5D3BE5A9D317} = {AA273B4F-69F7-4FE7-A068-40B6D2665F8B}
	EndGlobalSection
EndGlobal
